PODS:
  - AerisWeather (3.2.6):
    - AerisWeather/Data (= 3.2.6)
  - AerisWeather/Core (3.2.6)
  - AerisWeather/CoreUI (3.2.6):
    - AerisWeather/Core
  - AerisWeather/Data (3.2.6):
    - AerisWeather/CoreUI
  - Bolts/Tasks (1.9.1)
  - FacebookCore (0.9.0):
    - FBSDKCoreKit (~> 5.0)
  - FacebookShare (0.9.0):
    - FacebookCore (~> 0.9.0)
    - FBSDKCoreKit (~> 5.0)
    - FBSDKShareKit (~> 5.0)
  - FBSDKCoreKit (5.15.1):
    - FBSDKCoreKit/Basics (= 5.15.1)
    - FBSDKCoreKit/Core (= 5.15.1)
  - FBSDKCoreKit/Basics (5.15.1)
  - FBSDKCoreKit/Core (5.15.1):
    - FBSDKCoreKit/Basics
  - FBSDKLoginKit (5.15.1):
    - FBSDKLoginKit/Login (= 5.15.1)
  - FBSDKLoginKit/Login (5.15.1):
    - FBSDKCoreKit (~> 5.0)
  - FBSDKShareKit (5.15.1):
    - FBSDKShareKit/Share (= 5.15.1)
  - FBSDKShareKit/Share (5.15.1):
    - FBSDKCoreKit (~> 5.0)
  - Parse (1.18.0):
    - Parse/Core (= 1.18.0)
  - Parse/Core (1.18.0):
    - Bolts/Tasks (= 1.9.1)
  - Parse/FacebookUtils (1.18.0):
    - Bolts/Tasks (= 1.9.1)
    - FBSDKLoginKit (~> 5.x)
    - Parse/Core
  - Parse/UI (1.18.0):
    - Parse/Core

DEPENDENCIES:
  - AerisWeather
  - FacebookShare
  - Parse
  - Parse/FacebookUtils
  - Parse/UI

SPEC REPOS:
  trunk:
    - AerisWeather
    - Bolts
    - FacebookCore
    - FacebookShare
    - FBSDKCoreKit
    - FBSDKLoginKit
    - FBSDKShareKit
    - Parse

SPEC CHECKSUMS:
  AerisWeather: 84de9ca541eaf2d2c903415e710a752faa5f1d2d
  Bolts: 8c1e8aab2f603387b8b9924f57d1d64f43d3ffdc
  FacebookCore: ba86524b66cfa86d0f8e65d08faa8504a9f732dd
  FacebookShare: 85968ad1b1606c4944fb154924e425fd29184ea5
  FBSDKCoreKit: 1d5acf7c9d7a2f92bb1a242dc60cae5b7adb91df
  FBSDKLoginKit: f1ea8026a58b52d30c9f2e6a58ca7d813619fb83
  FBSDKShareKit: 259737eab3cc807087374553abdf588b3096ba55
  Parse: 79bdda34fdb7eb2a707a43a951c8aae236cb3e34

PODFILE CHECKSUM: cc69f65688d6102337d41cb0ef03efe52ba826d0

COCOAPODS: 1.9.3
