// !$*UTF8*$!
{
	archiveVersion = 1;
	classes = {
	};
	objectVersion = 51;
	objects = {

/* Begin PBXBuildFile section */
		A05F18D89CA88E3705ACE936 /* Pods_ClosetFriendTests.framework in Frameworks */ = {isa = PBXBuildFile; fileRef = 8E66CE6F1E3186CCB7C8D3DC /* Pods_ClosetFriendTests.framework */; };
		B7E50C8B7193D8F7E581E690 /* Pods_ClosetFriend.framework in Frameworks */ = {isa = PBXBuildFile; fileRef = 1704C5F8BAFA65A1DD026E25 /* Pods_ClosetFriend.framework */; };
		CF5B18A219F7BE06D98E63A7 /* Pods_ClosetFriend_ClosetFriendUITests.framework in Frameworks */ = {isa = PBXBuildFile; fileRef = 5A14958D921D207E942A0AD2 /* Pods_ClosetFriend_ClosetFriendUITests.framework */; };
		D06013DF24BCC4BF009CC4BD /* AppDelegate.m in Sources */ = {isa = PBXBuildFile; fileRef = D06013DE24BCC4BF009CC4BD /* AppDelegate.m */; };
		D06013E224BCC4BF009CC4BD /* SceneDelegate.m in Sources */ = {isa = PBXBuildFile; fileRef = D06013E124BCC4BF009CC4BD /* SceneDelegate.m */; };
		D06013E824BCC4BF009CC4BD /* Main.storyboard in Resources */ = {isa = PBXBuildFile; fileRef = D06013E624BCC4BF009CC4BD /* Main.storyboard */; };
		D06013EA24BCC4BF009CC4BD /* Assets.xcassets in Resources */ = {isa = PBXBuildFile; fileRef = D06013E924BCC4BF009CC4BD /* Assets.xcassets */; };
		D06013ED24BCC4BF009CC4BD /* LaunchScreen.storyboard in Resources */ = {isa = PBXBuildFile; fileRef = D06013EB24BCC4BF009CC4BD /* LaunchScreen.storyboard */; };
		D06013F024BCC4BF009CC4BD /* main.m in Sources */ = {isa = PBXBuildFile; fileRef = D06013EF24BCC4BF009CC4BD /* main.m */; };
		D06013FA24BCC4BF009CC4BD /* ClosetFriendTests.m in Sources */ = {isa = PBXBuildFile; fileRef = D06013F924BCC4BF009CC4BD /* ClosetFriendTests.m */; };
		D060140524BCC4BF009CC4BD /* ClosetFriendUITests.m in Sources */ = {isa = PBXBuildFile; fileRef = D060140424BCC4BF009CC4BD /* ClosetFriendUITests.m */; };
		D060141A24BCD456009CC4BD /* Item.m in Sources */ = {isa = PBXBuildFile; fileRef = D060141924BCD456009CC4BD /* Item.m */; };
		D060142024BCF781009CC4BD /* Outfit.m in Sources */ = {isa = PBXBuildFile; fileRef = D060141F24BCF781009CC4BD /* Outfit.m */; };
		D060142324BCFC04009CC4BD /* LoginViewController.m in Sources */ = {isa = PBXBuildFile; fileRef = D060142224BCFC04009CC4BD /* LoginViewController.m */; };
		D060142624BD048C009CC4BD /* MainPageViewController.m in Sources */ = {isa = PBXBuildFile; fileRef = D060142524BD048C009CC4BD /* MainPageViewController.m */; };
/* End PBXBuildFile section */

/* Begin PBXContainerItemProxy section */
		D06013F624BCC4BF009CC4BD /* PBXContainerItemProxy */ = {
			isa = PBXContainerItemProxy;
			containerPortal = D06013D224BCC4BF009CC4BD /* Project object */;
			proxyType = 1;
			remoteGlobalIDString = D06013D924BCC4BF009CC4BD;
			remoteInfo = ClosetFriend;
		};
		D060140124BCC4BF009CC4BD /* PBXContainerItemProxy */ = {
			isa = PBXContainerItemProxy;
			containerPortal = D06013D224BCC4BF009CC4BD /* Project object */;
			proxyType = 1;
			remoteGlobalIDString = D06013D924BCC4BF009CC4BD;
			remoteInfo = ClosetFriend;
		};
/* End PBXContainerItemProxy section */

/* Begin PBXFileReference section */
		01A75C2D52249AB6FD316F8E /* Pods-ClosetFriendTests.debug.xcconfig */ = {isa = PBXFileReference; includeInIndex = 1; lastKnownFileType = text.xcconfig; name = "Pods-ClosetFriendTests.debug.xcconfig"; path = "Target Support Files/Pods-ClosetFriendTests/Pods-ClosetFriendTests.debug.xcconfig"; sourceTree = "<group>"; };
		1704C5F8BAFA65A1DD026E25 /* Pods_ClosetFriend.framework */ = {isa = PBXFileReference; explicitFileType = wrapper.framework; includeInIndex = 0; path = Pods_ClosetFriend.framework; sourceTree = BUILT_PRODUCTS_DIR; };
		5A14958D921D207E942A0AD2 /* Pods_ClosetFriend_ClosetFriendUITests.framework */ = {isa = PBXFileReference; explicitFileType = wrapper.framework; includeInIndex = 0; path = Pods_ClosetFriend_ClosetFriendUITests.framework; sourceTree = BUILT_PRODUCTS_DIR; };
		8C603486DBB9717EB1ADC16C /* Pods-ClosetFriendTests.release.xcconfig */ = {isa = PBXFileReference; includeInIndex = 1; lastKnownFileType = text.xcconfig; name = "Pods-ClosetFriendTests.release.xcconfig"; path = "Target Support Files/Pods-ClosetFriendTests/Pods-ClosetFriendTests.release.xcconfig"; sourceTree = "<group>"; };
		8E66CE6F1E3186CCB7C8D3DC /* Pods_ClosetFriendTests.framework */ = {isa = PBXFileReference; explicitFileType = wrapper.framework; includeInIndex = 0; path = Pods_ClosetFriendTests.framework; sourceTree = BUILT_PRODUCTS_DIR; };
		934F2E0B4F520DB394322A7D /* Pods-ClosetFriend-ClosetFriendUITests.debug.xcconfig */ = {isa = PBXFileReference; includeInIndex = 1; lastKnownFileType = text.xcconfig; name = "Pods-ClosetFriend-ClosetFriendUITests.debug.xcconfig"; path = "Target Support Files/Pods-ClosetFriend-ClosetFriendUITests/Pods-ClosetFriend-ClosetFriendUITests.debug.xcconfig"; sourceTree = "<group>"; };
		AF049583F1AD9AEF7FF9F9F1 /* Pods-ClosetFriend.debug.xcconfig */ = {isa = PBXFileReference; includeInIndex = 1; lastKnownFileType = text.xcconfig; name = "Pods-ClosetFriend.debug.xcconfig"; path = "Target Support Files/Pods-ClosetFriend/Pods-ClosetFriend.debug.xcconfig"; sourceTree = "<group>"; };
		CA395E7EBD7A6C609D87D58E /* Pods-ClosetFriend-ClosetFriendUITests.release.xcconfig */ = {isa = PBXFileReference; includeInIndex = 1; lastKnownFileType = text.xcconfig; name = "Pods-ClosetFriend-ClosetFriendUITests.release.xcconfig"; path = "Target Support Files/Pods-ClosetFriend-ClosetFriendUITests/Pods-ClosetFriend-ClosetFriendUITests.release.xcconfig"; sourceTree = "<group>"; };
		D06013DA24BCC4BF009CC4BD /* ClosetFriend.app */ = {isa = PBXFileReference; explicitFileType = wrapper.application; includeInIndex = 0; path = ClosetFriend.app; sourceTree = BUILT_PRODUCTS_DIR; };
		D06013DD24BCC4BF009CC4BD /* AppDelegate.h */ = {isa = PBXFileReference; lastKnownFileType = sourcecode.c.h; path = AppDelegate.h; sourceTree = "<group>"; };
		D06013DE24BCC4BF009CC4BD /* AppDelegate.m */ = {isa = PBXFileReference; lastKnownFileType = sourcecode.c.objc; path = AppDelegate.m; sourceTree = "<group>"; };
		D06013E024BCC4BF009CC4BD /* SceneDelegate.h */ = {isa = PBXFileReference; lastKnownFileType = sourcecode.c.h; path = SceneDelegate.h; sourceTree = "<group>"; };
		D06013E124BCC4BF009CC4BD /* SceneDelegate.m */ = {isa = PBXFileReference; lastKnownFileType = sourcecode.c.objc; path = SceneDelegate.m; sourceTree = "<group>"; };
		D06013E724BCC4BF009CC4BD /* Base */ = {isa = PBXFileReference; lastKnownFileType = file.storyboard; name = Base; path = Base.lproj/Main.storyboard; sourceTree = "<group>"; };
		D06013E924BCC4BF009CC4BD /* Assets.xcassets */ = {isa = PBXFileReference; lastKnownFileType = folder.assetcatalog; path = Assets.xcassets; sourceTree = "<group>"; };
		D06013EC24BCC4BF009CC4BD /* Base */ = {isa = PBXFileReference; lastKnownFileType = file.storyboard; name = Base; path = Base.lproj/LaunchScreen.storyboard; sourceTree = "<group>"; };
		D06013EE24BCC4BF009CC4BD /* Info.plist */ = {isa = PBXFileReference; lastKnownFileType = text.plist.xml; path = Info.plist; sourceTree = "<group>"; };
		D06013EF24BCC4BF009CC4BD /* main.m */ = {isa = PBXFileReference; lastKnownFileType = sourcecode.c.objc; path = main.m; sourceTree = "<group>"; };
		D06013F524BCC4BF009CC4BD /* ClosetFriendTests.xctest */ = {isa = PBXFileReference; explicitFileType = wrapper.cfbundle; includeInIndex = 0; path = ClosetFriendTests.xctest; sourceTree = BUILT_PRODUCTS_DIR; };
		D06013F924BCC4BF009CC4BD /* ClosetFriendTests.m */ = {isa = PBXFileReference; lastKnownFileType = sourcecode.c.objc; path = ClosetFriendTests.m; sourceTree = "<group>"; };
		D06013FB24BCC4BF009CC4BD /* Info.plist */ = {isa = PBXFileReference; lastKnownFileType = text.plist.xml; path = Info.plist; sourceTree = "<group>"; };
		D060140024BCC4BF009CC4BD /* ClosetFriendUITests.xctest */ = {isa = PBXFileReference; explicitFileType = wrapper.cfbundle; includeInIndex = 0; path = ClosetFriendUITests.xctest; sourceTree = BUILT_PRODUCTS_DIR; };
		D060140424BCC4BF009CC4BD /* ClosetFriendUITests.m */ = {isa = PBXFileReference; lastKnownFileType = sourcecode.c.objc; path = ClosetFriendUITests.m; sourceTree = "<group>"; };
		D060140624BCC4BF009CC4BD /* Info.plist */ = {isa = PBXFileReference; lastKnownFileType = text.plist.xml; path = Info.plist; sourceTree = "<group>"; };
		D060141824BCD456009CC4BD /* Item.h */ = {isa = PBXFileReference; lastKnownFileType = sourcecode.c.h; path = Item.h; sourceTree = "<group>"; };
		D060141924BCD456009CC4BD /* Item.m */ = {isa = PBXFileReference; lastKnownFileType = sourcecode.c.objc; path = Item.m; sourceTree = "<group>"; };
		D060141E24BCF781009CC4BD /* Outfit.h */ = {isa = PBXFileReference; lastKnownFileType = sourcecode.c.h; path = Outfit.h; sourceTree = "<group>"; };
		D060141F24BCF781009CC4BD /* Outfit.m */ = {isa = PBXFileReference; lastKnownFileType = sourcecode.c.objc; path = Outfit.m; sourceTree = "<group>"; };
		D060142124BCFC04009CC4BD /* LoginViewController.h */ = {isa = PBXFileReference; lastKnownFileType = sourcecode.c.h; path = LoginViewController.h; sourceTree = "<group>"; };
		D060142224BCFC04009CC4BD /* LoginViewController.m */ = {isa = PBXFileReference; lastKnownFileType = sourcecode.c.objc; path = LoginViewController.m; sourceTree = "<group>"; };
		D060142424BD048C009CC4BD /* MainPageViewController.h */ = {isa = PBXFileReference; lastKnownFileType = sourcecode.c.h; path = MainPageViewController.h; sourceTree = "<group>"; };
		D060142524BD048C009CC4BD /* MainPageViewController.m */ = {isa = PBXFileReference; lastKnownFileType = sourcecode.c.objc; path = MainPageViewController.m; sourceTree = "<group>"; };
		F90E74C26AD52AD3216C23FF /* Pods-ClosetFriend.release.xcconfig */ = {isa = PBXFileReference; includeInIndex = 1; lastKnownFileType = text.xcconfig; name = "Pods-ClosetFriend.release.xcconfig"; path = "Target Support Files/Pods-ClosetFriend/Pods-ClosetFriend.release.xcconfig"; sourceTree = "<group>"; };
/* End PBXFileReference section */

/* Begin PBXFrameworksBuildPhase section */
		D06013D724BCC4BF009CC4BD /* Frameworks */ = {
			isa = PBXFrameworksBuildPhase;
			buildActionMask = 2147483647;
			files = (
				B7E50C8B7193D8F7E581E690 /* Pods_ClosetFriend.framework in Frameworks */,
			);
			runOnlyForDeploymentPostprocessing = 0;
		};
		D06013F224BCC4BF009CC4BD /* Frameworks */ = {
			isa = PBXFrameworksBuildPhase;
			buildActionMask = 2147483647;
			files = (
				A05F18D89CA88E3705ACE936 /* Pods_ClosetFriendTests.framework in Frameworks */,
			);
			runOnlyForDeploymentPostprocessing = 0;
		};
		D06013FD24BCC4BF009CC4BD /* Frameworks */ = {
			isa = PBXFrameworksBuildPhase;
			buildActionMask = 2147483647;
			files = (
				CF5B18A219F7BE06D98E63A7 /* Pods_ClosetFriend_ClosetFriendUITests.framework in Frameworks */,
			);
			runOnlyForDeploymentPostprocessing = 0;
		};
/* End PBXFrameworksBuildPhase section */

/* Begin PBXGroup section */
		0BB557D387123815A22E98EF /* Frameworks */ = {
			isa = PBXGroup;
			children = (
				1704C5F8BAFA65A1DD026E25 /* Pods_ClosetFriend.framework */,
				5A14958D921D207E942A0AD2 /* Pods_ClosetFriend_ClosetFriendUITests.framework */,
				8E66CE6F1E3186CCB7C8D3DC /* Pods_ClosetFriendTests.framework */,
			);
			name = Frameworks;
			sourceTree = "<group>";
		};
		67E3D7D4295F9091DDC8B393 /* Pods */ = {
			isa = PBXGroup;
			children = (
				AF049583F1AD9AEF7FF9F9F1 /* Pods-ClosetFriend.debug.xcconfig */,
				F90E74C26AD52AD3216C23FF /* Pods-ClosetFriend.release.xcconfig */,
				934F2E0B4F520DB394322A7D /* Pods-ClosetFriend-ClosetFriendUITests.debug.xcconfig */,
				CA395E7EBD7A6C609D87D58E /* Pods-ClosetFriend-ClosetFriendUITests.release.xcconfig */,
				01A75C2D52249AB6FD316F8E /* Pods-ClosetFriendTests.debug.xcconfig */,
				8C603486DBB9717EB1ADC16C /* Pods-ClosetFriendTests.release.xcconfig */,
			);
			path = Pods;
			sourceTree = "<group>";
		};
		D06013D124BCC4BF009CC4BD = {
			isa = PBXGroup;
			children = (
				D06013DC24BCC4BF009CC4BD /* ClosetFriend */,
				D06013F824BCC4BF009CC4BD /* ClosetFriendTests */,
				D060140324BCC4BF009CC4BD /* ClosetFriendUITests */,
				D06013DB24BCC4BF009CC4BD /* Products */,
				67E3D7D4295F9091DDC8B393 /* Pods */,
				0BB557D387123815A22E98EF /* Frameworks */,
			);
			sourceTree = "<group>";
		};
		D06013DB24BCC4BF009CC4BD /* Products */ = {
			isa = PBXGroup;
			children = (
				D06013DA24BCC4BF009CC4BD /* ClosetFriend.app */,
				D06013F524BCC4BF009CC4BD /* ClosetFriendTests.xctest */,
				D060140024BCC4BF009CC4BD /* ClosetFriendUITests.xctest */,
			);
			name = Products;
			sourceTree = "<group>";
		};
		D06013DC24BCC4BF009CC4BD /* ClosetFriend */ = {
			isa = PBXGroup;
			children = (
				D060141724BCD190009CC4BD /* Controller */,
				D060141624BCD185009CC4BD /* Model */,
				D060141524BCD17F009CC4BD /* View */,
				D06013DD24BCC4BF009CC4BD /* AppDelegate.h */,
				D06013DE24BCC4BF009CC4BD /* AppDelegate.m */,
				D06013E024BCC4BF009CC4BD /* SceneDelegate.h */,
				D06013E124BCC4BF009CC4BD /* SceneDelegate.m */,
				D06013E624BCC4BF009CC4BD /* Main.storyboard */,
				D06013E924BCC4BF009CC4BD /* Assets.xcassets */,
				D06013EB24BCC4BF009CC4BD /* LaunchScreen.storyboard */,
				D06013EE24BCC4BF009CC4BD /* Info.plist */,
				D06013EF24BCC4BF009CC4BD /* main.m */,
			);
			path = ClosetFriend;
			sourceTree = "<group>";
		};
		D06013F824BCC4BF009CC4BD /* ClosetFriendTests */ = {
			isa = PBXGroup;
			children = (
				D06013F924BCC4BF009CC4BD /* ClosetFriendTests.m */,
				D06013FB24BCC4BF009CC4BD /* Info.plist */,
			);
			path = ClosetFriendTests;
			sourceTree = "<group>";
		};
		D060140324BCC4BF009CC4BD /* ClosetFriendUITests */ = {
			isa = PBXGroup;
			children = (
				D060140424BCC4BF009CC4BD /* ClosetFriendUITests.m */,
				D060140624BCC4BF009CC4BD /* Info.plist */,
			);
			path = ClosetFriendUITests;
			sourceTree = "<group>";
		};
		D060141524BCD17F009CC4BD /* View */ = {
			isa = PBXGroup;
			children = (
			);
			path = View;
			sourceTree = "<group>";
		};
		D060141624BCD185009CC4BD /* Model */ = {
			isa = PBXGroup;
			children = (
				D060141824BCD456009CC4BD /* Item.h */,
				D060141924BCD456009CC4BD /* Item.m */,
				D060141E24BCF781009CC4BD /* Outfit.h */,
				D060141F24BCF781009CC4BD /* Outfit.m */,
			);
			path = Model;
			sourceTree = "<group>";
		};
		D060141724BCD190009CC4BD /* Controller */ = {
			isa = PBXGroup;
			children = (
				D060142124BCFC04009CC4BD /* LoginViewController.h */,
				D060142224BCFC04009CC4BD /* LoginViewController.m */,
				D060142424BD048C009CC4BD /* MainPageViewController.h */,
				D060142524BD048C009CC4BD /* MainPageViewController.m */,
			);
			path = Controller;
			sourceTree = "<group>";
		};
/* End PBXGroup section */

/* Begin PBXNativeTarget section */
		D06013D924BCC4BF009CC4BD /* ClosetFriend */ = {
			isa = PBXNativeTarget;
			buildConfigurationList = D060140924BCC4BF009CC4BD /* Build configuration list for PBXNativeTarget "ClosetFriend" */;
			buildPhases = (
				734DE8484913E561861E0BB0 /* [CP] Check Pods Manifest.lock */,
				D06013D624BCC4BF009CC4BD /* Sources */,
				D06013D724BCC4BF009CC4BD /* Frameworks */,
				D06013D824BCC4BF009CC4BD /* Resources */,
				BF34370677011EA28883C6E9 /* [CP] Embed Pods Frameworks */,
			);
			buildRules = (
			);
			dependencies = (
			);
			name = ClosetFriend;
			productName = ClosetFriend;
			productReference = D06013DA24BCC4BF009CC4BD /* ClosetFriend.app */;
			productType = "com.apple.product-type.application";
		};
		D06013F424BCC4BF009CC4BD /* ClosetFriendTests */ = {
			isa = PBXNativeTarget;
			buildConfigurationList = D060140C24BCC4BF009CC4BD /* Build configuration list for PBXNativeTarget "ClosetFriendTests" */;
			buildPhases = (
				1B7FF5239363A4A3EE9A9F9E /* [CP] Check Pods Manifest.lock */,
				D06013F124BCC4BF009CC4BD /* Sources */,
				D06013F224BCC4BF009CC4BD /* Frameworks */,
				D06013F324BCC4BF009CC4BD /* Resources */,
			);
			buildRules = (
			);
			dependencies = (
				D06013F724BCC4BF009CC4BD /* PBXTargetDependency */,
			);
			name = ClosetFriendTests;
			productName = ClosetFriendTests;
			productReference = D06013F524BCC4BF009CC4BD /* ClosetFriendTests.xctest */;
			productType = "com.apple.product-type.bundle.unit-test";
		};
		D06013FF24BCC4BF009CC4BD /* ClosetFriendUITests */ = {
			isa = PBXNativeTarget;
			buildConfigurationList = D060140F24BCC4BF009CC4BD /* Build configuration list for PBXNativeTarget "ClosetFriendUITests" */;
			buildPhases = (
				5929BB3BB97CD82BDCC35000 /* [CP] Check Pods Manifest.lock */,
				D06013FC24BCC4BF009CC4BD /* Sources */,
				D06013FD24BCC4BF009CC4BD /* Frameworks */,
				D06013FE24BCC4BF009CC4BD /* Resources */,
				FDC8D5D21B1ECDDFEDDB1420 /* [CP] Embed Pods Frameworks */,
			);
			buildRules = (
			);
			dependencies = (
				D060140224BCC4BF009CC4BD /* PBXTargetDependency */,
			);
			name = ClosetFriendUITests;
			productName = ClosetFriendUITests;
			productReference = D060140024BCC4BF009CC4BD /* ClosetFriendUITests.xctest */;
			productType = "com.apple.product-type.bundle.ui-testing";
		};
/* End PBXNativeTarget section */

/* Begin PBXProject section */
		D06013D224BCC4BF009CC4BD /* Project object */ = {
			isa = PBXProject;
			attributes = {
				LastUpgradeCheck = 1150;
				ORGANIZATIONNAME = "Anna Kuznetsova";
				TargetAttributes = {
					D06013D924BCC4BF009CC4BD = {
						CreatedOnToolsVersion = 11.5;
					};
					D06013F424BCC4BF009CC4BD = {
						CreatedOnToolsVersion = 11.5;
						TestTargetID = D06013D924BCC4BF009CC4BD;
					};
					D06013FF24BCC4BF009CC4BD = {
						CreatedOnToolsVersion = 11.5;
						TestTargetID = D06013D924BCC4BF009CC4BD;
					};
				};
			};
			buildConfigurationList = D06013D524BCC4BF009CC4BD /* Build configuration list for PBXProject "ClosetFriend" */;
			compatibilityVersion = "Xcode 9.3";
			developmentRegion = en;
			hasScannedForEncodings = 0;
			knownRegions = (
				en,
				Base,
			);
			mainGroup = D06013D124BCC4BF009CC4BD;
			productRefGroup = D06013DB24BCC4BF009CC4BD /* Products */;
			projectDirPath = "";
			projectRoot = "";
			targets = (
				D06013D924BCC4BF009CC4BD /* ClosetFriend */,
				D06013F424BCC4BF009CC4BD /* ClosetFriendTests */,
				D06013FF24BCC4BF009CC4BD /* ClosetFriendUITests */,
			);
		};
/* End PBXProject section */

/* Begin PBXResourcesBuildPhase section */
		D06013D824BCC4BF009CC4BD /* Resources */ = {
			isa = PBXResourcesBuildPhase;
			buildActionMask = 2147483647;
			files = (
				D06013ED24BCC4BF009CC4BD /* LaunchScreen.storyboard in Resources */,
				D06013EA24BCC4BF009CC4BD /* Assets.xcassets in Resources */,
				D06013E824BCC4BF009CC4BD /* Main.storyboard in Resources */,
			);
			runOnlyForDeploymentPostprocessing = 0;
		};
		D06013F324BCC4BF009CC4BD /* Resources */ = {
			isa = PBXResourcesBuildPhase;
			buildActionMask = 2147483647;
			files = (
			);
			runOnlyForDeploymentPostprocessing = 0;
		};
		D06013FE24BCC4BF009CC4BD /* Resources */ = {
			isa = PBXResourcesBuildPhase;
			buildActionMask = 2147483647;
			files = (
			);
			runOnlyForDeploymentPostprocessing = 0;
		};
/* End PBXResourcesBuildPhase section */

/* Begin PBXShellScriptBuildPhase section */
		1B7FF5239363A4A3EE9A9F9E /* [CP] Check Pods Manifest.lock */ = {
			isa = PBXShellScriptBuildPhase;
			buildActionMask = 2147483647;
			files = (
			);
			inputFileListPaths = (
			);
			inputPaths = (
				"${PODS_PODFILE_DIR_PATH}/Podfile.lock",
				"${PODS_ROOT}/Manifest.lock",
			);
			name = "[CP] Check Pods Manifest.lock";
			outputFileListPaths = (
			);
			outputPaths = (
				"$(DERIVED_FILE_DIR)/Pods-ClosetFriendTests-checkManifestLockResult.txt",
			);
			runOnlyForDeploymentPostprocessing = 0;
			shellPath = /bin/sh;
			shellScript = "diff \"${PODS_PODFILE_DIR_PATH}/Podfile.lock\" \"${PODS_ROOT}/Manifest.lock\" > /dev/null\nif [ $? != 0 ] ; then\n    # print error to STDERR\n    echo \"error: The sandbox is not in sync with the Podfile.lock. Run 'pod install' or update your CocoaPods installation.\" >&2\n    exit 1\nfi\n# This output is used by Xcode 'outputs' to avoid re-running this script phase.\necho \"SUCCESS\" > \"${SCRIPT_OUTPUT_FILE_0}\"\n";
			showEnvVarsInLog = 0;
		};
		5929BB3BB97CD82BDCC35000 /* [CP] Check Pods Manifest.lock */ = {
			isa = PBXShellScriptBuildPhase;
			buildActionMask = 2147483647;
			files = (
			);
			inputFileListPaths = (
			);
			inputPaths = (
				"${PODS_PODFILE_DIR_PATH}/Podfile.lock",
				"${PODS_ROOT}/Manifest.lock",
			);
			name = "[CP] Check Pods Manifest.lock";
			outputFileListPaths = (
			);
			outputPaths = (
				"$(DERIVED_FILE_DIR)/Pods-ClosetFriend-ClosetFriendUITests-checkManifestLockResult.txt",
			);
			runOnlyForDeploymentPostprocessing = 0;
			shellPath = /bin/sh;
			shellScript = "diff \"${PODS_PODFILE_DIR_PATH}/Podfile.lock\" \"${PODS_ROOT}/Manifest.lock\" > /dev/null\nif [ $? != 0 ] ; then\n    # print error to STDERR\n    echo \"error: The sandbox is not in sync with the Podfile.lock. Run 'pod install' or update your CocoaPods installation.\" >&2\n    exit 1\nfi\n# This output is used by Xcode 'outputs' to avoid re-running this script phase.\necho \"SUCCESS\" > \"${SCRIPT_OUTPUT_FILE_0}\"\n";
			showEnvVarsInLog = 0;
		};
		734DE8484913E561861E0BB0 /* [CP] Check Pods Manifest.lock */ = {
			isa = PBXShellScriptBuildPhase;
			buildActionMask = 2147483647;
			files = (
			);
			inputFileListPaths = (
			);
			inputPaths = (
				"${PODS_PODFILE_DIR_PATH}/Podfile.lock",
				"${PODS_ROOT}/Manifest.lock",
			);
			name = "[CP] Check Pods Manifest.lock";
			outputFileListPaths = (
			);
			outputPaths = (
				"$(DERIVED_FILE_DIR)/Pods-ClosetFriend-checkManifestLockResult.txt",
			);
			runOnlyForDeploymentPostprocessing = 0;
			shellPath = /bin/sh;
			shellScript = "diff \"${PODS_PODFILE_DIR_PATH}/Podfile.lock\" \"${PODS_ROOT}/Manifest.lock\" > /dev/null\nif [ $? != 0 ] ; then\n    # print error to STDERR\n    echo \"error: The sandbox is not in sync with the Podfile.lock. Run 'pod install' or update your CocoaPods installation.\" >&2\n    exit 1\nfi\n# This output is used by Xcode 'outputs' to avoid re-running this script phase.\necho \"SUCCESS\" > \"${SCRIPT_OUTPUT_FILE_0}\"\n";
			showEnvVarsInLog = 0;
		};
		BF34370677011EA28883C6E9 /* [CP] Embed Pods Frameworks */ = {
			isa = PBXShellScriptBuildPhase;
			buildActionMask = 2147483647;
			files = (
			);
			inputFileListPaths = (
				"${PODS_ROOT}/Target Support Files/Pods-ClosetFriend/Pods-ClosetFriend-frameworks-${CONFIGURATION}-input-files.xcfilelist",
			);
			name = "[CP] Embed Pods Frameworks";
			outputFileListPaths = (
				"${PODS_ROOT}/Target Support Files/Pods-ClosetFriend/Pods-ClosetFriend-frameworks-${CONFIGURATION}-output-files.xcfilelist",
			);
			runOnlyForDeploymentPostprocessing = 0;
			shellPath = /bin/sh;
			shellScript = "\"${PODS_ROOT}/Target Support Files/Pods-ClosetFriend/Pods-ClosetFriend-frameworks.sh\"\n";
			showEnvVarsInLog = 0;
		};
		FDC8D5D21B1ECDDFEDDB1420 /* [CP] Embed Pods Frameworks */ = {
			isa = PBXShellScriptBuildPhase;
			buildActionMask = 2147483647;
			files = (
			);
			inputFileListPaths = (
				"${PODS_ROOT}/Target Support Files/Pods-ClosetFriend-ClosetFriendUITests/Pods-ClosetFriend-ClosetFriendUITests-frameworks-${CONFIGURATION}-input-files.xcfilelist",
			);
			name = "[CP] Embed Pods Frameworks";
			outputFileListPaths = (
				"${PODS_ROOT}/Target Support Files/Pods-ClosetFriend-ClosetFriendUITests/Pods-ClosetFriend-ClosetFriendUITests-frameworks-${CONFIGURATION}-output-files.xcfilelist",
			);
			runOnlyForDeploymentPostprocessing = 0;
			shellPath = /bin/sh;
			shellScript = "\"${PODS_ROOT}/Target Support Files/Pods-ClosetFriend-ClosetFriendUITests/Pods-ClosetFriend-ClosetFriendUITests-frameworks.sh\"\n";
			showEnvVarsInLog = 0;
		};
/* End PBXShellScriptBuildPhase section */

/* Begin PBXSourcesBuildPhase section */
		D06013D624BCC4BF009CC4BD /* Sources */ = {
			isa = PBXSourcesBuildPhase;
			buildActionMask = 2147483647;
			files = (
				D060142024BCF781009CC4BD /* Outfit.m in Sources */,
				D060141A24BCD456009CC4BD /* Item.m in Sources */,
				D06013DF24BCC4BF009CC4BD /* AppDelegate.m in Sources */,
				D060142324BCFC04009CC4BD /* LoginViewController.m in Sources */,
				D060142624BD048C009CC4BD /* MainPageViewController.m in Sources */,
				D06013F024BCC4BF009CC4BD /* main.m in Sources */,
				D06013E224BCC4BF009CC4BD /* SceneDelegate.m in Sources */,
			);
			runOnlyForDeploymentPostprocessing = 0;
		};
		D06013F124BCC4BF009CC4BD /* Sources */ = {
			isa = PBXSourcesBuildPhase;
			buildActionMask = 2147483647;
			files = (
				D06013FA24BCC4BF009CC4BD /* ClosetFriendTests.m in Sources */,
			);
			runOnlyForDeploymentPostprocessing = 0;
		};
		D06013FC24BCC4BF009CC4BD /* Sources */ = {
			isa = PBXSourcesBuildPhase;
			buildActionMask = 2147483647;
			files = (
				D060140524BCC4BF009CC4BD /* ClosetFriendUITests.m in Sources */,
			);
			runOnlyForDeploymentPostprocessing = 0;
		};
/* End PBXSourcesBuildPhase section */

/* Begin PBXTargetDependency section */
		D06013F724BCC4BF009CC4BD /* PBXTargetDependency */ = {
			isa = PBXTargetDependency;
			target = D06013D924BCC4BF009CC4BD /* ClosetFriend */;
			targetProxy = D06013F624BCC4BF009CC4BD /* PBXContainerItemProxy */;
		};
		D060140224BCC4BF009CC4BD /* PBXTargetDependency */ = {
			isa = PBXTargetDependency;
			target = D06013D924BCC4BF009CC4BD /* ClosetFriend */;
			targetProxy = D060140124BCC4BF009CC4BD /* PBXContainerItemProxy */;
		};
/* End PBXTargetDependency section */

/* Begin PBXVariantGroup section */
		D06013E624BCC4BF009CC4BD /* Main.storyboard */ = {
			isa = PBXVariantGroup;
			children = (
				D06013E724BCC4BF009CC4BD /* Base */,
			);
			name = Main.storyboard;
			sourceTree = "<group>";
		};
		D06013EB24BCC4BF009CC4BD /* LaunchScreen.storyboard */ = {
			isa = PBXVariantGroup;
			children = (
				D06013EC24BCC4BF009CC4BD /* Base */,
			);
			name = LaunchScreen.storyboard;
			sourceTree = "<group>";
		};
/* End PBXVariantGroup section */

/* Begin XCBuildConfiguration section */
		D060140724BCC4BF009CC4BD /* Debug */ = {
			isa = XCBuildConfiguration;
			buildSettings = {
				ALWAYS_SEARCH_USER_PATHS = NO;
				CLANG_ANALYZER_NONNULL = YES;
				CLANG_ANALYZER_NUMBER_OBJECT_CONVERSION = YES_AGGRESSIVE;
				CLANG_CXX_LANGUAGE_STANDARD = "gnu++14";
				CLANG_CXX_LIBRARY = "libc++";
				CLANG_ENABLE_MODULES = YES;
				CLANG_ENABLE_OBJC_ARC = YES;
				CLANG_ENABLE_OBJC_WEAK = YES;
				CLANG_WARN_BLOCK_CAPTURE_AUTORELEASING = YES;
				CLANG_WARN_BOOL_CONVERSION = YES;
				CLANG_WARN_COMMA = YES;
				CLANG_WARN_CONSTANT_CONVERSION = YES;
				CLANG_WARN_DEPRECATED_OBJC_IMPLEMENTATIONS = YES;
				CLANG_WARN_DIRECT_OBJC_ISA_USAGE = YES_ERROR;
				CLANG_WARN_DOCUMENTATION_COMMENTS = YES;
				CLANG_WARN_EMPTY_BODY = YES;
				CLANG_WARN_ENUM_CONVERSION = YES;
				CLANG_WARN_INFINITE_RECURSION = YES;
				CLANG_WARN_INT_CONVERSION = YES;
				CLANG_WARN_NON_LITERAL_NULL_CONVERSION = YES;
				CLANG_WARN_OBJC_IMPLICIT_RETAIN_SELF = YES;
				CLANG_WARN_OBJC_LITERAL_CONVERSION = YES;
				CLANG_WARN_OBJC_ROOT_CLASS = YES_ERROR;
				CLANG_WARN_RANGE_LOOP_ANALYSIS = YES;
				CLANG_WARN_STRICT_PROTOTYPES = YES;
				CLANG_WARN_SUSPICIOUS_MOVE = YES;
				CLANG_WARN_UNGUARDED_AVAILABILITY = YES_AGGRESSIVE;
				CLANG_WARN_UNREACHABLE_CODE = YES;
				CLANG_WARN__DUPLICATE_METHOD_MATCH = YES;
				COPY_PHASE_STRIP = NO;
				DEBUG_INFORMATION_FORMAT = dwarf;
				ENABLE_STRICT_OBJC_MSGSEND = YES;
				ENABLE_TESTABILITY = YES;
				GCC_C_LANGUAGE_STANDARD = gnu11;
				GCC_DYNAMIC_NO_PIC = NO;
				GCC_NO_COMMON_BLOCKS = YES;
				GCC_OPTIMIZATION_LEVEL = 0;
				GCC_PREPROCESSOR_DEFINITIONS = (
					"DEBUG=1",
					"$(inherited)",
				);
				GCC_WARN_64_TO_32_BIT_CONVERSION = YES;
				GCC_WARN_ABOUT_RETURN_TYPE = YES_ERROR;
				GCC_WARN_UNDECLARED_SELECTOR = YES;
				GCC_WARN_UNINITIALIZED_AUTOS = YES_AGGRESSIVE;
				GCC_WARN_UNUSED_FUNCTION = YES;
				GCC_WARN_UNUSED_VARIABLE = YES;
				IPHONEOS_DEPLOYMENT_TARGET = 13.5;
				MTL_ENABLE_DEBUG_INFO = INCLUDE_SOURCE;
				MTL_FAST_MATH = YES;
				ONLY_ACTIVE_ARCH = YES;
				SDKROOT = iphoneos;
			};
			name = Debug;
		};
		D060140824BCC4BF009CC4BD /* Release */ = {
			isa = XCBuildConfiguration;
			buildSettings = {
				ALWAYS_SEARCH_USER_PATHS = NO;
				CLANG_ANALYZER_NONNULL = YES;
				CLANG_ANALYZER_NUMBER_OBJECT_CONVERSION = YES_AGGRESSIVE;
				CLANG_CXX_LANGUAGE_STANDARD = "gnu++14";
				CLANG_CXX_LIBRARY = "libc++";
				CLANG_ENABLE_MODULES = YES;
				CLANG_ENABLE_OBJC_ARC = YES;
				CLANG_ENABLE_OBJC_WEAK = YES;
				CLANG_WARN_BLOCK_CAPTURE_AUTORELEASING = YES;
				CLANG_WARN_BOOL_CONVERSION = YES;
				CLANG_WARN_COMMA = YES;
				CLANG_WARN_CONSTANT_CONVERSION = YES;
				CLANG_WARN_DEPRECATED_OBJC_IMPLEMENTATIONS = YES;
				CLANG_WARN_DIRECT_OBJC_ISA_USAGE = YES_ERROR;
				CLANG_WARN_DOCUMENTATION_COMMENTS = YES;
				CLANG_WARN_EMPTY_BODY = YES;
				CLANG_WARN_ENUM_CONVERSION = YES;
				CLANG_WARN_INFINITE_RECURSION = YES;
				CLANG_WARN_INT_CONVERSION = YES;
				CLANG_WARN_NON_LITERAL_NULL_CONVERSION = YES;
				CLANG_WARN_OBJC_IMPLICIT_RETAIN_SELF = YES;
				CLANG_WARN_OBJC_LITERAL_CONVERSION = YES;
				CLANG_WARN_OBJC_ROOT_CLASS = YES_ERROR;
				CLANG_WARN_RANGE_LOOP_ANALYSIS = YES;
				CLANG_WARN_STRICT_PROTOTYPES = YES;
				CLANG_WARN_SUSPICIOUS_MOVE = YES;
				CLANG_WARN_UNGUARDED_AVAILABILITY = YES_AGGRESSIVE;
				CLANG_WARN_UNREACHABLE_CODE = YES;
				CLANG_WARN__DUPLICATE_METHOD_MATCH = YES;
				COPY_PHASE_STRIP = NO;
				DEBUG_INFORMATION_FORMAT = "dwarf-with-dsym";
				ENABLE_NS_ASSERTIONS = NO;
				ENABLE_STRICT_OBJC_MSGSEND = YES;
				GCC_C_LANGUAGE_STANDARD = gnu11;
				GCC_NO_COMMON_BLOCKS = YES;
				GCC_WARN_64_TO_32_BIT_CONVERSION = YES;
				GCC_WARN_ABOUT_RETURN_TYPE = YES_ERROR;
				GCC_WARN_UNDECLARED_SELECTOR = YES;
				GCC_WARN_UNINITIALIZED_AUTOS = YES_AGGRESSIVE;
				GCC_WARN_UNUSED_FUNCTION = YES;
				GCC_WARN_UNUSED_VARIABLE = YES;
				IPHONEOS_DEPLOYMENT_TARGET = 13.5;
				MTL_ENABLE_DEBUG_INFO = NO;
				MTL_FAST_MATH = YES;
				SDKROOT = iphoneos;
				VALIDATE_PRODUCT = YES;
			};
			name = Release;
		};
		D060140A24BCC4BF009CC4BD /* Debug */ = {
			isa = XCBuildConfiguration;
			baseConfigurationReference = AF049583F1AD9AEF7FF9F9F1 /* Pods-ClosetFriend.debug.xcconfig */;
			buildSettings = {
				ASSETCATALOG_COMPILER_APPICON_NAME = AppIcon;
				CODE_SIGN_STYLE = Automatic;
				INFOPLIST_FILE = ClosetFriend/Info.plist;
				LD_RUNPATH_SEARCH_PATHS = (
					"$(inherited)",
					"@executable_path/Frameworks",
				);
				PRODUCT_BUNDLE_IDENTIFIER = com.annavk.ClosetFriend;
				PRODUCT_NAME = "$(TARGET_NAME)";
				TARGETED_DEVICE_FAMILY = "1,2";
			};
			name = Debug;
		};
		D060140B24BCC4BF009CC4BD /* Release */ = {
			isa = XCBuildConfiguration;
			baseConfigurationReference = F90E74C26AD52AD3216C23FF /* Pods-ClosetFriend.release.xcconfig */;
			buildSettings = {
				ASSETCATALOG_COMPILER_APPICON_NAME = AppIcon;
				CODE_SIGN_STYLE = Automatic;
				INFOPLIST_FILE = ClosetFriend/Info.plist;
				LD_RUNPATH_SEARCH_PATHS = (
					"$(inherited)",
					"@executable_path/Frameworks",
				);
				PRODUCT_BUNDLE_IDENTIFIER = com.annavk.ClosetFriend;
				PRODUCT_NAME = "$(TARGET_NAME)";
				TARGETED_DEVICE_FAMILY = "1,2";
			};
			name = Release;
		};
		D060140D24BCC4BF009CC4BD /* Debug */ = {
			isa = XCBuildConfiguration;
			baseConfigurationReference = 01A75C2D52249AB6FD316F8E /* Pods-ClosetFriendTests.debug.xcconfig */;
			buildSettings = {
				BUNDLE_LOADER = "$(TEST_HOST)";
				CODE_SIGN_STYLE = Automatic;
				INFOPLIST_FILE = ClosetFriendTests/Info.plist;
				IPHONEOS_DEPLOYMENT_TARGET = 13.5;
				LD_RUNPATH_SEARCH_PATHS = (
					"$(inherited)",
					"@executable_path/Frameworks",
					"@loader_path/Frameworks",
				);
				PRODUCT_BUNDLE_IDENTIFIER = com.annavk.ClosetFriendTests;
				PRODUCT_NAME = "$(TARGET_NAME)";
				TARGETED_DEVICE_FAMILY = "1,2";
				TEST_HOST = "$(BUILT_PRODUCTS_DIR)/ClosetFriend.app/ClosetFriend";
			};
			name = Debug;
		};
		D060140E24BCC4BF009CC4BD /* Release */ = {
			isa = XCBuildConfiguration;
			baseConfigurationReference = 8C603486DBB9717EB1ADC16C /* Pods-ClosetFriendTests.release.xcconfig */;
			buildSettings = {
				BUNDLE_LOADER = "$(TEST_HOST)";
				CODE_SIGN_STYLE = Automatic;
				INFOPLIST_FILE = ClosetFriendTests/Info.plist;
				IPHONEOS_DEPLOYMENT_TARGET = 13.5;
				LD_RUNPATH_SEARCH_PATHS = (
					"$(inherited)",
					"@executable_path/Frameworks",
					"@loader_path/Frameworks",
				);
				PRODUCT_BUNDLE_IDENTIFIER = com.annavk.ClosetFriendTests;
				PRODUCT_NAME = "$(TARGET_NAME)";
				TARGETED_DEVICE_FAMILY = "1,2";
				TEST_HOST = "$(BUILT_PRODUCTS_DIR)/ClosetFriend.app/ClosetFriend";
			};
			name = Release;
		};
		D060141024BCC4BF009CC4BD /* Debug */ = {
			isa = XCBuildConfiguration;
			baseConfigurationReference = 934F2E0B4F520DB394322A7D /* Pods-ClosetFriend-ClosetFriendUITests.debug.xcconfig */;
			buildSettings = {
				CODE_SIGN_STYLE = Automatic;
				INFOPLIST_FILE = ClosetFriendUITests/Info.plist;
				LD_RUNPATH_SEARCH_PATHS = (
					"$(inherited)",
					"@executable_path/Frameworks",
					"@loader_path/Frameworks",
				);
				PRODUCT_BUNDLE_IDENTIFIER = com.annavk.ClosetFriendUITests;
				PRODUCT_NAME = "$(TARGET_NAME)";
				TARGETED_DEVICE_FAMILY = "1,2";
				TEST_TARGET_NAME = ClosetFriend;
			};
			name = Debug;
		};
		D060141124BCC4BF009CC4BD /* Release */ = {
			isa = XCBuildConfiguration;
			baseConfigurationReference = CA395E7EBD7A6C609D87D58E /* Pods-ClosetFriend-ClosetFriendUITests.release.xcconfig */;
			buildSettings = {
				CODE_SIGN_STYLE = Automatic;
				INFOPLIST_FILE = ClosetFriendUITests/Info.plist;
				LD_RUNPATH_SEARCH_PATHS = (
					"$(inherited)",
					"@executable_path/Frameworks",
					"@loader_path/Frameworks",
				);
				PRODUCT_BUNDLE_IDENTIFIER = com.annavk.ClosetFriendUITests;
				PRODUCT_NAME = "$(TARGET_NAME)";
				TARGETED_DEVICE_FAMILY = "1,2";
				TEST_TARGET_NAME = ClosetFriend;
			};
			name = Release;
		};
/* End XCBuildConfiguration section */

/* Begin XCConfigurationList section */
		D06013D524BCC4BF009CC4BD /* Build configuration list for PBXProject "ClosetFriend" */ = {
			isa = XCConfigurationList;
			buildConfigurations = (
				D060140724BCC4BF009CC4BD /* Debug */,
				D060140824BCC4BF009CC4BD /* Release */,
			);
			defaultConfigurationIsVisible = 0;
			defaultConfigurationName = Release;
		};
		D060140924BCC4BF009CC4BD /* Build configuration list for PBXNativeTarget "ClosetFriend" */ = {
			isa = XCConfigurationList;
			buildConfigurations = (
				D060140A24BCC4BF009CC4BD /* Debug */,
				D060140B24BCC4BF009CC4BD /* Release */,
			);
			defaultConfigurationIsVisible = 0;
			defaultConfigurationName = Release;
		};
		D060140C24BCC4BF009CC4BD /* Build configuration list for PBXNativeTarget "ClosetFriendTests" */ = {
			isa = XCConfigurationList;
			buildConfigurations = (
				D060140D24BCC4BF009CC4BD /* Debug */,
				D060140E24BCC4BF009CC4BD /* Release */,
			);
			defaultConfigurationIsVisible = 0;
			defaultConfigurationName = Release;
		};
		D060140F24BCC4BF009CC4BD /* Build configuration list for PBXNativeTarget "ClosetFriendUITests" */ = {
			isa = XCConfigurationList;
			buildConfigurations = (
				D060141024BCC4BF009CC4BD /* Debug */,
				D060141124BCC4BF009CC4BD /* Release */,
			);
			defaultConfigurationIsVisible = 0;
			defaultConfigurationName = Release;
		};
/* End XCConfigurationList section */
	};
	rootObject = D06013D224BCC4BF009CC4BD /* Project object */;
}
